
Microsoft Visual Studio Solution File, Format Version 12.00
# Visual Studio Version 17
VisualStudioVersion = 17.10.35027.167
MinimumVisualStudioVersion = 10.0.40219.1
Project("{9A19103F-16F7-4668-BE54-9A1E7A4F7556}") = "InputFileExamples", "InputFileExamples\InputFileExamples.csproj", "{33CBAE2F-86DA-4D59-BE6F-05A16B5C5901}"
EndProject
Global
	GlobalSection(SolutionConfigurationPlatforms) = preSolution
		Debug|Any CPU = Debug|Any CPU
		Release|Any CPU = Release|Any CPU
	EndGlobalSection
	GlobalSection(ProjectConfigurationPlatforms) = postSolution
		{33CBAE2F-86DA-4D59-BE6F-05A16B5C5901}.Debug|Any CPU.ActiveCfg = Debug|Any CPU
		{33CBAE2F-86DA-4D59-BE6F-05A16B5C5901}.Debug|Any CPU.Build.0 = Debug|Any CPU
		{33CBAE2F-86DA-4D59-BE6F-05A16B5C5901}.Release|Any CPU.ActiveCfg = Release|Any CPU
		{33CBAE2F-86DA-4D59-BE6F-05A16B5C5901}.Release|Any CPU.Build.0 = Release|Any CPU
	EndGlobalSection
	GlobalSection(SolutionProperties) = preSolution
		HideSolutionNode = FALSE
	EndGlobalSection
	GlobalSection(ExtensibilityGlobals) = postSolution
		SolutionGuid = {B5AE9414-3F0B-4D61-BCA6-C222B441DAE5}
	EndGlobalSection
EndGlobal
